
Microsoft Visual Studio Solution File, Format Version 12.00
# Visual Studio Version 16
VisualStudioVersion = 16.0.30011.22
MinimumVisualStudioVersion = 10.0.40219.1
Project("{FAE04EC0-301F-11D3-BF4B-00C04F79EFBC}") = "CaisseEnregistreuse.console", "CaisseEnregistreuse.console\CaisseEnregistreuse.console.csproj", "{BE0E3916-737E-48A2-93B9-8243937174E8}"
EndProject
Project("{FAE04EC0-301F-11D3-BF4B-00C04F79EFBC}") = "CaisseEnregistreuse.BO", "CaisseEnregistreuse.BO\CaisseEnregistreuse.BO.csproj", "{1028A8F9-6BA1-4611-9073-2B465379D27C}"
EndProject
Project("{FAE04EC0-301F-11D3-BF4B-00C04F79EFBC}") = "CaisseEnregistreuse.DAL", "CaisseEnregistreuse.DAL\CaisseEnregistreuse.DAL.csproj", "{A94DB51C-555B-466D-82DB-B23232E8646D}"
EndProject
Project("{FAE04EC0-301F-11D3-BF4B-00C04F79EFBC}") = "CaisseEnregistreuse.BLL", "CaisseEnregistreuse.BLL\CaisseEnregistreuse.BLL.csproj", "{C9D6ECB4-AB31-4B81-97AD-237F2DC90DBE}"
EndProject
Project("{FAE04EC0-301F-11D3-BF4B-00C04F79EFBC}") = "CaisseEnregistreuse.common", "CaisseEnregistreuse.common\CaisseEnregistreuse.common.csproj", "{0D7F6034-69F5-4926-A403-75B61D6D969C}"
EndProject
Project("{2150E333-8FDC-42A3-9474-1A3956D46DE8}") = "CaisseEnregistreuse.DbScript", "CaisseEnregistreuse.DbScript", "{9D3C5105-1899-45D3-9025-FF73B558FA36}"
	ProjectSection(SolutionItems) = preProject
		SqlQuery_1.sql = SqlQuery_1.sql
	EndProjectSection
EndProject
Project("{2150E333-8FDC-42A3-9474-1A3956D46DE8}") = "StoredProcedures", "StoredProcedures", "{2A95BCF6-5808-499E-BABD-0986F56681D1}"
EndProject
Project("{2150E333-8FDC-42A3-9474-1A3956D46DE8}") = "object", "object", "{B780D9DE-AF35-4471-8F4B-4A98E5A5B9A6}"
	ProjectSection(SolutionItems) = preProject
		SqlQuery_2.sql = SqlQuery_2.sql
	EndProjectSection
EndProject
Project("{2150E333-8FDC-42A3-9474-1A3956D46DE8}") = "tables", "tables", "{62AB7C0C-7F1B-4277-AFFD-25986935E0D5}"
	ProjectSection(SolutionItems) = preProject
		SqlQuery_3.sql = SqlQuery_3.sql
	EndProjectSection
EndProject
Project("{2150E333-8FDC-42A3-9474-1A3956D46DE8}") = "constrains", "constrains", "{9A032715-879A-434C-85D1-CCB6B74F324F}"
	ProjectSection(SolutionItems) = preProject
		SqlQuery_4.sql = SqlQuery_4.sql
	EndProjectSection
EndProject
Project("{2150E333-8FDC-42A3-9474-1A3956D46DE8}") = "datas", "datas", "{FC3E297B-9289-47CE-86F3-2906ED98AE13}"
EndProject
Project("{2150E333-8FDC-42A3-9474-1A3956D46DE8}") = "features", "features", "{6EDAE4D6-6A5A-4348-9E67-9431E7A1C368}"
EndProject
Global
	GlobalSection(SolutionConfigurationPlatforms) = preSolution
		Debug|Any CPU = Debug|Any CPU
		Release|Any CPU = Release|Any CPU
	EndGlobalSection
	GlobalSection(ProjectConfigurationPlatforms) = postSolution
		{BE0E3916-737E-48A2-93B9-8243937174E8}.Debug|Any CPU.ActiveCfg = Debug|Any CPU
		{BE0E3916-737E-48A2-93B9-8243937174E8}.Debug|Any CPU.Build.0 = Debug|Any CPU
		{BE0E3916-737E-48A2-93B9-8243937174E8}.Release|Any CPU.ActiveCfg = Release|Any CPU
		{BE0E3916-737E-48A2-93B9-8243937174E8}.Release|Any CPU.Build.0 = Release|Any CPU
		{1028A8F9-6BA1-4611-9073-2B465379D27C}.Debug|Any CPU.ActiveCfg = Debug|Any CPU
		{1028A8F9-6BA1-4611-9073-2B465379D27C}.Debug|Any CPU.Build.0 = Debug|Any CPU
		{1028A8F9-6BA1-4611-9073-2B465379D27C}.Release|Any CPU.ActiveCfg = Release|Any CPU
		{1028A8F9-6BA1-4611-9073-2B465379D27C}.Release|Any CPU.Build.0 = Release|Any CPU
		{A94DB51C-555B-466D-82DB-B23232E8646D}.Debug|Any CPU.ActiveCfg = Debug|Any CPU
		{A94DB51C-555B-466D-82DB-B23232E8646D}.Debug|Any CPU.Build.0 = Debug|Any CPU
		{A94DB51C-555B-466D-82DB-B23232E8646D}.Release|Any CPU.ActiveCfg = Release|Any CPU
		{A94DB51C-555B-466D-82DB-B23232E8646D}.Release|Any CPU.Build.0 = Release|Any CPU
		{C9D6ECB4-AB31-4B81-97AD-237F2DC90DBE}.Debug|Any CPU.ActiveCfg = Debug|Any CPU
		{C9D6ECB4-AB31-4B81-97AD-237F2DC90DBE}.Debug|Any CPU.Build.0 = Debug|Any CPU
		{C9D6ECB4-AB31-4B81-97AD-237F2DC90DBE}.Release|Any CPU.ActiveCfg = Release|Any CPU
		{C9D6ECB4-AB31-4B81-97AD-237F2DC90DBE}.Release|Any CPU.Build.0 = Release|Any CPU
		{0D7F6034-69F5-4926-A403-75B61D6D969C}.Debug|Any CPU.ActiveCfg = Debug|Any CPU
		{0D7F6034-69F5-4926-A403-75B61D6D969C}.Debug|Any CPU.Build.0 = Debug|Any CPU
		{0D7F6034-69F5-4926-A403-75B61D6D969C}.Release|Any CPU.ActiveCfg = Release|Any CPU
		{0D7F6034-69F5-4926-A403-75B61D6D969C}.Release|Any CPU.Build.0 = Release|Any CPU
	EndGlobalSection
	GlobalSection(SolutionProperties) = preSolution
		HideSolutionNode = FALSE
	EndGlobalSection
	GlobalSection(NestedProjects) = preSolution
		{2A95BCF6-5808-499E-BABD-0986F56681D1} = {6EDAE4D6-6A5A-4348-9E67-9431E7A1C368}
		{B780D9DE-AF35-4471-8F4B-4A98E5A5B9A6} = {9D3C5105-1899-45D3-9025-FF73B558FA36}
		{62AB7C0C-7F1B-4277-AFFD-25986935E0D5} = {B780D9DE-AF35-4471-8F4B-4A98E5A5B9A6}
		{9A032715-879A-434C-85D1-CCB6B74F324F} = {B780D9DE-AF35-4471-8F4B-4A98E5A5B9A6}
		{FC3E297B-9289-47CE-86F3-2906ED98AE13} = {9D3C5105-1899-45D3-9025-FF73B558FA36}
		{6EDAE4D6-6A5A-4348-9E67-9431E7A1C368} = {9D3C5105-1899-45D3-9025-FF73B558FA36}
	EndGlobalSection
	GlobalSection(ExtensibilityGlobals) = postSolution
		SolutionGuid = {573D1A1A-CA17-4578-9AFA-45672030A042}
	EndGlobalSection
EndGlobal
